// !$*UTF8*$!
{
	archiveVersion = 1;
	classes = {
	};
	objectVersion = 55;
	objects = {

/* Begin PBXBuildFile section */
		BD5842A028AA863E00CD5FF0 /* AppDelegate.swift in Sources */ = {isa = PBXBuildFile; fileRef = BD58429F28AA863E00CD5FF0 /* AppDelegate.swift */; };
		BD5842A228AA863E00CD5FF0 /* SceneDelegate.swift in Sources */ = {isa = PBXBuildFile; fileRef = BD5842A128AA863E00CD5FF0 /* SceneDelegate.swift */; };
		BD5842A728AA863E00CD5FF0 /* Main.storyboard in Resources */ = {isa = PBXBuildFile; fileRef = BD5842A528AA863E00CD5FF0 /* Main.storyboard */; };
		BD5842AA28AA863E00CD5FF0 /* toDoList.xcdatamodeld in Sources */ = {isa = PBXBuildFile; fileRef = BD5842A828AA863E00CD5FF0 /* toDoList.xcdatamodeld */; };
		BD5842AC28AA864000CD5FF0 /* Assets.xcassets in Resources */ = {isa = PBXBuildFile; fileRef = BD5842AB28AA864000CD5FF0 /* Assets.xcassets */; };
		BD5842AF28AA864000CD5FF0 /* LaunchScreen.storyboard in Resources */ = {isa = PBXBuildFile; fileRef = BD5842AD28AA864000CD5FF0 /* LaunchScreen.storyboard */; };
		BD5842BA28AA864000CD5FF0 /* toDoListTests.swift in Sources */ = {isa = PBXBuildFile; fileRef = BD5842B928AA864000CD5FF0 /* toDoListTests.swift */; };
		BD5842C428AA864000CD5FF0 /* toDoListUITests.swift in Sources */ = {isa = PBXBuildFile; fileRef = BD5842C328AA864000CD5FF0 /* toDoListUITests.swift */; };
		BD5842C628AA864000CD5FF0 /* toDoListUITestsLaunchTests.swift in Sources */ = {isa = PBXBuildFile; fileRef = BD5842C528AA864000CD5FF0 /* toDoListUITestsLaunchTests.swift */; };
		BD5842D328AA87BE00CD5FF0 /* toDoTableTableViewController.swift in Sources */ = {isa = PBXBuildFile; fileRef = BD5842D228AA87BE00CD5FF0 /* toDoTableTableViewController.swift */; };
		BD5842D528AA880000CD5FF0 /* ToDo.swift in Sources */ = {isa = PBXBuildFile; fileRef = BD5842D428AA880000CD5FF0 /* ToDo.swift */; };
		BD9CC8BF28AA92F2005CC9C6 /* AddToDoViewController.swift in Sources */ = {isa = PBXBuildFile; fileRef = BD9CC8BE28AA92F2005CC9C6 /* AddToDoViewController.swift */; };
/* End PBXBuildFile section */

/* Begin PBXContainerItemProxy section */
		BD5842B628AA864000CD5FF0 /* PBXContainerItemProxy */ = {
			isa = PBXContainerItemProxy;
			containerPortal = BD58429428AA863E00CD5FF0 /* Project object */;
			proxyType = 1;
			remoteGlobalIDString = BD58429B28AA863E00CD5FF0;
			remoteInfo = toDoList;
		};
		BD5842C028AA864000CD5FF0 /* PBXContainerItemProxy */ = {
			isa = PBXContainerItemProxy;
			containerPortal = BD58429428AA863E00CD5FF0 /* Project object */;
			proxyType = 1;
			remoteGlobalIDString = BD58429B28AA863E00CD5FF0;
			remoteInfo = toDoList;
		};
/* End PBXContainerItemProxy section */

/* Begin PBXFileReference section */
		BD58429C28AA863E00CD5FF0 /* toDoList.app */ = {isa = PBXFileReference; explicitFileType = wrapper.application; includeInIndex = 0; path = toDoList.app; sourceTree = BUILT_PRODUCTS_DIR; };
		BD58429F28AA863E00CD5FF0 /* AppDelegate.swift */ = {isa = PBXFileReference; lastKnownFileType = sourcecode.swift; path = AppDelegate.swift; sourceTree = "<group>"; };
		BD5842A128AA863E00CD5FF0 /* SceneDelegate.swift */ = {isa = PBXFileReference; lastKnownFileType = sourcecode.swift; path = SceneDelegate.swift; sourceTree = "<group>"; };
		BD5842A628AA863E00CD5FF0 /* Base */ = {isa = PBXFileReference; lastKnownFileType = file.storyboard; name = Base; path = Base.lproj/Main.storyboard; sourceTree = "<group>"; };
		BD5842A928AA863E00CD5FF0 /* toDoList.xcdatamodel */ = {isa = PBXFileReference; lastKnownFileType = wrapper.xcdatamodel; path = toDoList.xcdatamodel; sourceTree = "<group>"; };
		BD5842AB28AA864000CD5FF0 /* Assets.xcassets */ = {isa = PBXFileReference; lastKnownFileType = folder.assetcatalog; path = Assets.xcassets; sourceTree = "<group>"; };
		BD5842AE28AA864000CD5FF0 /* Base */ = {isa = PBXFileReference; lastKnownFileType = file.storyboard; name = Base; path = Base.lproj/LaunchScreen.storyboard; sourceTree = "<group>"; };
		BD5842B028AA864000CD5FF0 /* Info.plist */ = {isa = PBXFileReference; lastKnownFileType = text.plist.xml; path = Info.plist; sourceTree = "<group>"; };
		BD5842B528AA864000CD5FF0 /* toDoListTests.xctest */ = {isa = PBXFileReference; explicitFileType = wrapper.cfbundle; includeInIndex = 0; path = toDoListTests.xctest; sourceTree = BUILT_PRODUCTS_DIR; };
		BD5842B928AA864000CD5FF0 /* toDoListTests.swift */ = {isa = PBXFileReference; lastKnownFileType = sourcecode.swift; path = toDoListTests.swift; sourceTree = "<group>"; };
		BD5842BF28AA864000CD5FF0 /* toDoListUITests.xctest */ = {isa = PBXFileReference; explicitFileType = wrapper.cfbundle; includeInIndex = 0; path = toDoListUITests.xctest; sourceTree = BUILT_PRODUCTS_DIR; };
		BD5842C328AA864000CD5FF0 /* toDoListUITests.swift */ = {isa = PBXFileReference; lastKnownFileType = sourcecode.swift; path = toDoListUITests.swift; sourceTree = "<group>"; };
		BD5842C528AA864000CD5FF0 /* toDoListUITestsLaunchTests.swift */ = {isa = PBXFileReference; lastKnownFileType = sourcecode.swift; path = toDoListUITestsLaunchTests.swift; sourceTree = "<group>"; };
		BD5842D228AA87BE00CD5FF0 /* toDoTableTableViewController.swift */ = {isa = PBXFileReference; lastKnownFileType = sourcecode.swift; path = toDoTableTableViewController.swift; sourceTree = "<group>"; };
		BD5842D428AA880000CD5FF0 /* ToDo.swift */ = {isa = PBXFileReference; lastKnownFileType = sourcecode.swift; path = ToDo.swift; sourceTree = "<group>"; };
		BD9CC8BE28AA92F2005CC9C6 /* AddToDoViewController.swift */ = {isa = PBXFileReference; lastKnownFileType = sourcecode.swift; path = AddToDoViewController.swift; sourceTree = "<group>"; };
/* End PBXFileReference section */

/* Begin PBXFrameworksBuildPhase section */
		BD58429928AA863E00CD5FF0 /* Frameworks */ = {
			isa = PBXFrameworksBuildPhase;
			buildActionMask = 2147483647;
			files = (
			);
			runOnlyForDeploymentPostprocessing = 0;
		};
		BD5842B228AA864000CD5FF0 /* Frameworks */ = {
			isa = PBXFrameworksBuildPhase;
			buildActionMask = 2147483647;
			files = (
			);
			runOnlyForDeploymentPostprocessing = 0;
		};
		BD5842BC28AA864000CD5FF0 /* Frameworks */ = {
			isa = PBXFrameworksBuildPhase;
			buildActionMask = 2147483647;
			files = (
			);
			runOnlyForDeploymentPostprocessing = 0;
		};
/* End PBXFrameworksBuildPhase section */

/* Begin PBXGroup section */
		BD58429328AA863E00CD5FF0 = {
			isa = PBXGroup;
			children = (
				BD58429E28AA863E00CD5FF0 /* toDoList */,
				BD5842B828AA864000CD5FF0 /* toDoListTests */,
				BD5842C228AA864000CD5FF0 /* toDoListUITests */,
				BD58429D28AA863E00CD5FF0 /* Products */,
			);
			sourceTree = "<group>";
		};
		BD58429D28AA863E00CD5FF0 /* Products */ = {
			isa = PBXGroup;
			children = (
				BD58429C28AA863E00CD5FF0 /* toDoList.app */,
				BD5842B528AA864000CD5FF0 /* toDoListTests.xctest */,
				BD5842BF28AA864000CD5FF0 /* toDoListUITests.xctest */,
			);
			name = Products;
			sourceTree = "<group>";
		};
		BD58429E28AA863E00CD5FF0 /* toDoList */ = {
			isa = PBXGroup;
			children = (
				BD58429F28AA863E00CD5FF0 /* AppDelegate.swift */,
				BD5842A128AA863E00CD5FF0 /* SceneDelegate.swift */,
				BD5842A528AA863E00CD5FF0 /* Main.storyboard */,
				BD9CC8BE28AA92F2005CC9C6 /* AddToDoViewController.swift */,
				BD5842D428AA880000CD5FF0 /* ToDo.swift */,
				BD5842D228AA87BE00CD5FF0 /* toDoTableTableViewController.swift */,
				BD5842AB28AA864000CD5FF0 /* Assets.xcassets */,
				BD5842AD28AA864000CD5FF0 /* LaunchScreen.storyboard */,
				BD5842B028AA864000CD5FF0 /* Info.plist */,
				BD5842A828AA863E00CD5FF0 /* toDoList.xcdatamodeld */,
			);
			path = toDoList;
			sourceTree = "<group>";
		};
		BD5842B828AA864000CD5FF0 /* toDoListTests */ = {
			isa = PBXGroup;
			children = (
				BD5842B928AA864000CD5FF0 /* toDoListTests.swift */,
			);
			path = toDoListTests;
			sourceTree = "<group>";
		};
		BD5842C228AA864000CD5FF0 /* toDoListUITests */ = {
			isa = PBXGroup;
			children = (
				BD5842C328AA864000CD5FF0 /* toDoListUITests.swift */,
				BD5842C528AA864000CD5FF0 /* toDoListUITestsLaunchTests.swift */,
			);
			path = toDoListUITests;
			sourceTree = "<group>";
		};
/* End PBXGroup section */

/* Begin PBXNativeTarget section */
		BD58429B28AA863E00CD5FF0 /* toDoList */ = {
			isa = PBXNativeTarget;
			buildConfigurationList = BD5842C928AA864000CD5FF0 /* Build configuration list for PBXNativeTarget "toDoList" */;
			buildPhases = (
				BD58429828AA863E00CD5FF0 /* Sources */,
				BD58429928AA863E00CD5FF0 /* Frameworks */,
				BD58429A28AA863E00CD5FF0 /* Resources */,
			);
			buildRules = (
			);
			dependencies = (
			);
			name = toDoList;
			productName = toDoList;
			productReference = BD58429C28AA863E00CD5FF0 /* toDoList.app */;
			productType = "com.apple.product-type.application";
		};
		BD5842B428AA864000CD5FF0 /* toDoListTests */ = {
			isa = PBXNativeTarget;
			buildConfigurationList = BD5842CC28AA864000CD5FF0 /* Build configuration list for PBXNativeTarget "toDoListTests" */;
			buildPhases = (
				BD5842B128AA864000CD5FF0 /* Sources */,
				BD5842B228AA864000CD5FF0 /* Frameworks */,
				BD5842B328AA864000CD5FF0 /* Resources */,
			);
			buildRules = (
			);
			dependencies = (
				BD5842B728AA864000CD5FF0 /* PBXTargetDependency */,
			);
			name = toDoListTests;
			productName = toDoListTests;
			productReference = BD5842B528AA864000CD5FF0 /* toDoListTests.xctest */;
			productType = "com.apple.product-type.bundle.unit-test";
		};
		BD5842BE28AA864000CD5FF0 /* toDoListUITests */ = {
			isa = PBXNativeTarget;
			buildConfigurationList = BD5842CF28AA864000CD5FF0 /* Build configuration list for PBXNativeTarget "toDoListUITests" */;
			buildPhases = (
				BD5842BB28AA864000CD5FF0 /* Sources */,
				BD5842BC28AA864000CD5FF0 /* Frameworks */,
				BD5842BD28AA864000CD5FF0 /* Resources */,
			);
			buildRules = (
			);
			dependencies = (
				BD5842C128AA864000CD5FF0 /* PBXTargetDependency */,
			);
			name = toDoListUITests;
			productName = toDoListUITests;
			productReference = BD5842BF28AA864000CD5FF0 /* toDoListUITests.xctest */;
			productType = "com.apple.product-type.bundle.ui-testing";
		};
/* End PBXNativeTarget section */

/* Begin PBXProject section */
		BD58429428AA863E00CD5FF0 /* Project object */ = {
			isa = PBXProject;
			attributes = {
				BuildIndependentTargetsInParallel = 1;
				LastSwiftUpdateCheck = 1340;
				LastUpgradeCheck = 1340;
				TargetAttributes = {
					BD58429B28AA863E00CD5FF0 = {
						CreatedOnToolsVersion = 13.4.1;
					};
					BD5842B428AA864000CD5FF0 = {
						CreatedOnToolsVersion = 13.4.1;
						TestTargetID = BD58429B28AA863E00CD5FF0;
					};
					BD5842BE28AA864000CD5FF0 = {
						CreatedOnToolsVersion = 13.4.1;
						TestTargetID = BD58429B28AA863E00CD5FF0;
					};
				};
			};
			buildConfigurationList = BD58429728AA863E00CD5FF0 /* Build configuration list for PBXProject "toDoList" */;
			compatibilityVersion = "Xcode 13.0";
			developmentRegion = en;
			hasScannedForEncodings = 0;
			knownRegions = (
				en,
				Base,
			);
			mainGroup = BD58429328AA863E00CD5FF0;
			productRefGroup = BD58429D28AA863E00CD5FF0 /* Products */;
			projectDirPath = "";
			projectRoot = "";
			targets = (
				BD58429B28AA863E00CD5FF0 /* toDoList */,
				BD5842B428AA864000CD5FF0 /* toDoListTests */,
				BD5842BE28AA864000CD5FF0 /* toDoListUITests */,
			);
		};
/* End PBXProject section */

/* Begin PBXResourcesBuildPhase section */
		BD58429A28AA863E00CD5FF0 /* Resources */ = {
			isa = PBXResourcesBuildPhase;
			buildActionMask = 2147483647;
			files = (
				BD5842AF28AA864000CD5FF0 /* LaunchScreen.storyboard in Resources */,
				BD5842AC28AA864000CD5FF0 /* Assets.xcassets in Resources */,
				BD5842A728AA863E00CD5FF0 /* Main.storyboard in Resources */,
			);
			runOnlyForDeploymentPostprocessing = 0;
		};
		BD5842B328AA864000CD5FF0 /* Resources */ = {
			isa = PBXResourcesBuildPhase;
			buildActionMask = 2147483647;
			files = (
			);
			runOnlyForDeploymentPostprocessing = 0;
		};
		BD5842BD28AA864000CD5FF0 /* Resources */ = {
			isa = PBXResourcesBuildPhase;
			buildActionMask = 2147483647;
			files = (
			);
			runOnlyForDeploymentPostprocessing = 0;
		};
/* End PBXResourcesBuildPhase section */

/* Begin PBXSourcesBuildPhase section */
		BD58429828AA863E00CD5FF0 /* Sources */ = {
			isa = PBXSourcesBuildPhase;
			buildActionMask = 2147483647;
			files = (
				BD5842A028AA863E00CD5FF0 /* AppDelegate.swift in Sources */,
				BD5842D528AA880000CD5FF0 /* ToDo.swift in Sources */,
				BD5842A228AA863E00CD5FF0 /* SceneDelegate.swift in Sources */,
				BD5842D328AA87BE00CD5FF0 /* toDoTableTableViewController.swift in Sources */,
				BD9CC8BF28AA92F2005CC9C6 /* AddToDoViewController.swift in Sources */,
				BD5842AA28AA863E00CD5FF0 /* toDoList.xcdatamodeld in Sources */,
			);
			runOnlyForDeploymentPostprocessing = 0;
		};
		BD5842B128AA864000CD5FF0 /* Sources */ = {
			isa = PBXSourcesBuildPhase;
			buildActionMask = 2147483647;
			files = (
				BD5842BA28AA864000CD5FF0 /* toDoListTests.swift in Sources */,
			);
			runOnlyForDeploymentPostprocessing = 0;
		};
		BD5842BB28AA864000CD5FF0 /* Sources */ = {
			isa = PBXSourcesBuildPhase;
			buildActionMask = 2147483647;
			files = (
				BD5842C628AA864000CD5FF0 /* toDoListUITestsLaunchTests.swift in Sources */,
				BD5842C428AA864000CD5FF0 /* toDoListUITests.swift in Sources */,
			);
			runOnlyForDeploymentPostprocessing = 0;
		};
/* End PBXSourcesBuildPhase section */

/* Begin PBXTargetDependency section */
		BD5842B728AA864000CD5FF0 /* PBXTargetDependency */ = {
			isa = PBXTargetDependency;
			target = BD58429B28AA863E00CD5FF0 /* toDoList */;
			targetProxy = BD5842B628AA864000CD5FF0 /* PBXContainerItemProxy */;
		};
		BD5842C128AA864000CD5FF0 /* PBXTargetDependency */ = {
			isa = PBXTargetDependency;
			target = BD58429B28AA863E00CD5FF0 /* toDoList */;
			targetProxy = BD5842C028AA864000CD5FF0 /* PBXContainerItemProxy */;
		};
/* End PBXTargetDependency section */

/* Begin PBXVariantGroup section */
		BD5842A528AA863E00CD5FF0 /* Main.storyboard */ = {
			isa = PBXVariantGroup;
			children = (
				BD5842A628AA863E00CD5FF0 /* Base */,
			);
			name = Main.storyboard;
			sourceTree = "<group>";
		};
		BD5842AD28AA864000CD5FF0 /* LaunchScreen.storyboard */ = {
			isa = PBXVariantGroup;
			children = (
				BD5842AE28AA864000CD5FF0 /* Base */,
			);
			name = LaunchScreen.storyboard;
			sourceTree = "<group>";
		};
/* End PBXVariantGroup section */

/* Begin XCBuildConfiguration section */
		BD5842C728AA864000CD5FF0 /* Debug */ = {
			isa = XCBuildConfiguration;
			buildSettings = {
				ALWAYS_SEARCH_USER_PATHS = NO;
				CLANG_ANALYZER_NONNULL = YES;
				CLANG_ANALYZER_NUMBER_OBJECT_CONVERSION = YES_AGGRESSIVE;
				CLANG_CXX_LANGUAGE_STANDARD = "gnu++17";
				CLANG_ENABLE_MODULES = YES;
				CLANG_ENABLE_OBJC_ARC = YES;
				CLANG_ENABLE_OBJC_WEAK = YES;
				CLANG_WARN_BLOCK_CAPTURE_AUTORELEASING = YES;
				CLANG_WARN_BOOL_CONVERSION = YES;
				CLANG_WARN_COMMA = YES;
				CLANG_WARN_CONSTANT_CONVERSION = YES;
				CLANG_WARN_DEPRECATED_OBJC_IMPLEMENTATIONS = YES;
				CLANG_WARN_DIRECT_OBJC_ISA_USAGE = YES_ERROR;
				CLANG_WARN_DOCUMENTATION_COMMENTS = YES;
				CLANG_WARN_EMPTY_BODY = YES;
				CLANG_WARN_ENUM_CONVERSION = YES;
				CLANG_WARN_INFINITE_RECURSION = YES;
				CLANG_WARN_INT_CONVERSION = YES;
				CLANG_WARN_NON_LITERAL_NULL_CONVERSION = YES;
				CLANG_WARN_OBJC_IMPLICIT_RETAIN_SELF = YES;
				CLANG_WARN_OBJC_LITERAL_CONVERSION = YES;
				CLANG_WARN_OBJC_ROOT_CLASS = YES_ERROR;
				CLANG_WARN_QUOTED_INCLUDE_IN_FRAMEWORK_HEADER = YES;
				CLANG_WARN_RANGE_LOOP_ANALYSIS = YES;
				CLANG_WARN_STRICT_PROTOTYPES = YES;
				CLANG_WARN_SUSPICIOUS_MOVE = YES;
				CLANG_WARN_UNGUARDED_AVAILABILITY = YES_AGGRESSIVE;
				CLANG_WARN_UNREACHABLE_CODE = YES;
				CLANG_WARN__DUPLICATE_METHOD_MATCH = YES;
				COPY_PHASE_STRIP = NO;
				DEBUG_INFORMATION_FORMAT = dwarf;
				ENABLE_STRICT_OBJC_MSGSEND = YES;
				ENABLE_TESTABILITY = YES;
				GCC_C_LANGUAGE_STANDARD = gnu11;
				GCC_DYNAMIC_NO_PIC = NO;
				GCC_NO_COMMON_BLOCKS = YES;
				GCC_OPTIMIZATION_LEVEL = 0;
				GCC_PREPROCESSOR_DEFINITIONS = (
					"DEBUG=1",
					"$(inherited)",
				);
				GCC_WARN_64_TO_32_BIT_CONVERSION = YES;
				GCC_WARN_ABOUT_RETURN_TYPE = YES_ERROR;
				GCC_WARN_UNDECLARED_SELECTOR = YES;
				GCC_WARN_UNINITIALIZED_AUTOS = YES_AGGRESSIVE;
				GCC_WARN_UNUSED_FUNCTION = YES;
				GCC_WARN_UNUSED_VARIABLE = YES;
				IPHONEOS_DEPLOYMENT_TARGET = 15.5;
				MTL_ENABLE_DEBUG_INFO = INCLUDE_SOURCE;
				MTL_FAST_MATH = YES;
				ONLY_ACTIVE_ARCH = YES;
				SDKROOT = iphoneos;
				SWIFT_ACTIVE_COMPILATION_CONDITIONS = DEBUG;
				SWIFT_OPTIMIZATION_LEVEL = "-Onone";
			};
			name = Debug;
		};
		BD5842C828AA864000CD5FF0 /* Release */ = {
			isa = XCBuildConfiguration;
			buildSettings = {
				ALWAYS_SEARCH_USER_PATHS = NO;
				CLANG_ANALYZER_NONNULL = YES;
				CLANG_ANALYZER_NUMBER_OBJECT_CONVERSION = YES_AGGRESSIVE;
				CLANG_CXX_LANGUAGE_STANDARD = "gnu++17";
				CLANG_ENABLE_MODULES = YES;
				CLANG_ENABLE_OBJC_ARC = YES;
				CLANG_ENABLE_OBJC_WEAK = YES;
				CLANG_WARN_BLOCK_CAPTURE_AUTORELEASING = YES;
				CLANG_WARN_BOOL_CONVERSION = YES;
				CLANG_WARN_COMMA = YES;
				CLANG_WARN_CONSTANT_CONVERSION = YES;
				CLANG_WARN_DEPRECATED_OBJC_IMPLEMENTATIONS = YES;
				CLANG_WARN_DIRECT_OBJC_ISA_USAGE = YES_ERROR;
				CLANG_WARN_DOCUMENTATION_COMMENTS = YES;
				CLANG_WARN_EMPTY_BODY = YES;
				CLANG_WARN_ENUM_CONVERSION = YES;
				CLANG_WARN_INFINITE_RECURSION = YES;
				CLANG_WARN_INT_CONVERSION = YES;
				CLANG_WARN_NON_LITERAL_NULL_CONVERSION = YES;
				CLANG_WARN_OBJC_IMPLICIT_RETAIN_SELF = YES;
				CLANG_WARN_OBJC_LITERAL_CONVERSION = YES;
				CLANG_WARN_OBJC_ROOT_CLASS = YES_ERROR;
				CLANG_WARN_QUOTED_INCLUDE_IN_FRAMEWORK_HEADER = YES;
				CLANG_WARN_RANGE_LOOP_ANALYSIS = YES;
				CLANG_WARN_STRICT_PROTOTYPES = YES;
				CLANG_WARN_SUSPICIOUS_MOVE = YES;
				CLANG_WARN_UNGUARDED_AVAILABILITY = YES_AGGRESSIVE;
				CLANG_WARN_UNREACHABLE_CODE = YES;
				CLANG_WARN__DUPLICATE_METHOD_MATCH = YES;
				COPY_PHASE_STRIP = NO;
				DEBUG_INFORMATION_FORMAT = "dwarf-with-dsym";
				ENABLE_NS_ASSERTIONS = NO;
				ENABLE_STRICT_OBJC_MSGSEND = YES;
				GCC_C_LANGUAGE_STANDARD = gnu11;
				GCC_NO_COMMON_BLOCKS = YES;
				GCC_WARN_64_TO_32_BIT_CONVERSION = YES;
				GCC_WARN_ABOUT_RETURN_TYPE = YES_ERROR;
				GCC_WARN_UNDECLARED_SELECTOR = YES;
				GCC_WARN_UNINITIALIZED_AUTOS = YES_AGGRESSIVE;
				GCC_WARN_UNUSED_FUNCTION = YES;
				GCC_WARN_UNUSED_VARIABLE = YES;
				IPHONEOS_DEPLOYMENT_TARGET = 15.5;
				MTL_ENABLE_DEBUG_INFO = NO;
				MTL_FAST_MATH = YES;
				SDKROOT = iphoneos;
				SWIFT_COMPILATION_MODE = wholemodule;
				SWIFT_OPTIMIZATION_LEVEL = "-O";
				VALIDATE_PRODUCT = YES;
			};
			name = Release;
		};
		BD5842CA28AA864000CD5FF0 /* Debug */ = {
			isa = XCBuildConfiguration;
			buildSettings = {
				ASSETCATALOG_COMPILER_APPICON_NAME = AppIcon;
				ASSETCATALOG_COMPILER_GLOBAL_ACCENT_COLOR_NAME = AccentColor;
				CODE_SIGN_STYLE = Automatic;
				CURRENT_PROJECT_VERSION = 1;
				GENERATE_INFOPLIST_FILE = YES;
				INFOPLIST_FILE = toDoList/Info.plist;
				INFOPLIST_KEY_UIApplicationSupportsIndirectInputEvents = YES;
				INFOPLIST_KEY_UILaunchStoryboardName = LaunchScreen;
				INFOPLIST_KEY_UIMainStoryboardFile = Main;
				INFOPLIST_KEY_UISupportedInterfaceOrientations_iPad = "UIInterfaceOrientationPortrait UIInterfaceOrientationPortraitUpsideDown UIInterfaceOrientationLandscapeLeft UIInterfaceOrientationLandscapeRight";
				INFOPLIST_KEY_UISupportedInterfaceOrientations_iPhone = "UIInterfaceOrientationPortrait UIInterfaceOrientationLandscapeLeft UIInterfaceOrientationLandscapeRight";
				LD_RUNPATH_SEARCH_PATHS = (
					"$(inherited)",
					"@executable_path/Frameworks",
				);
				MARKETING_VERSION = 1.0;
				PRODUCT_BUNDLE_IDENTIFIER = kwk.toDoList;
				PRODUCT_NAME = "$(TARGET_NAME)";
				SWIFT_EMIT_LOC_STRINGS = YES;
				SWIFT_VERSION = 5.0;
				TARGETED_DEVICE_FAMILY = "1,2";
			};
			name = Debug;
		};
		BD5842CB28AA864000CD5FF0 /* Release */ = {
			isa = XCBuildConfiguration;
			buildSettings = {
				ASSETCATALOG_COMPILER_APPICON_NAME = AppIcon;
				ASSETCATALOG_COMPILER_GLOBAL_ACCENT_COLOR_NAME = AccentColor;
				CODE_SIGN_STYLE = Automatic;
				CURRENT_PROJECT_VERSION = 1;
				GENERATE_INFOPLIST_FILE = YES;
				INFOPLIST_FILE = toDoList/Info.plist;
				INFOPLIST_KEY_UIApplicationSupportsIndirectInputEvents = YES;
				INFOPLIST_KEY_UILaunchStoryboardName = LaunchScreen;
				INFOPLIST_KEY_UIMainStoryboardFile = Main;
				INFOPLIST_KEY_UISupportedInterfaceOrientations_iPad = "UIInterfaceOrientationPortrait UIInterfaceOrientationPortraitUpsideDown UIInterfaceOrientationLandscapeLeft UIInterfaceOrientationLandscapeRight";
				INFOPLIST_KEY_UISupportedInterfaceOrientations_iPhone = "UIInterfaceOrientationPortrait UIInterfaceOrientationLandscapeLeft UIInterfaceOrientationLandscapeRight";
				LD_RUNPATH_SEARCH_PATHS = (
					"$(inherited)",
					"@executable_path/Frameworks",
				);
				MARKETING_VERSION = 1.0;
				PRODUCT_BUNDLE_IDENTIFIER = kwk.toDoList;
				PRODUCT_NAME = "$(TARGET_NAME)";
				SWIFT_EMIT_LOC_STRINGS = YES;
				SWIFT_VERSION = 5.0;
				TARGETED_DEVICE_FAMILY = "1,2";
			};
			name = Release;
		};
		BD5842CD28AA864000CD5FF0 /* Debug */ = {
			isa = XCBuildConfiguration;
			buildSettings = {
				ALWAYS_EMBED_SWIFT_STANDARD_LIBRARIES = YES;
				BUNDLE_LOADER = "$(TEST_HOST)";
				CODE_SIGN_STYLE = Automatic;
				CURRENT_PROJECT_VERSION = 1;
				GENERATE_INFOPLIST_FILE = YES;
				IPHONEOS_DEPLOYMENT_TARGET = 15.5;
				MARKETING_VERSION = 1.0;
				PRODUCT_BUNDLE_IDENTIFIER = kwk.toDoListTests;
				PRODUCT_NAME = "$(TARGET_NAME)";
				SWIFT_EMIT_LOC_STRINGS = NO;
				SWIFT_VERSION = 5.0;
				TARGETED_DEVICE_FAMILY = "1,2";
				TEST_HOST = "$(BUILT_PRODUCTS_DIR)/toDoList.app/toDoList";
			};
			name = Debug;
		};
		BD5842CE28AA864000CD5FF0 /* Release */ = {
			isa = XCBuildConfiguration;
			buildSettings = {
				ALWAYS_EMBED_SWIFT_STANDARD_LIBRARIES = YES;
				BUNDLE_LOADER = "$(TEST_HOST)";
				CODE_SIGN_STYLE = Automatic;
				CURRENT_PROJECT_VERSION = 1;
				GENERATE_INFOPLIST_FILE = YES;
				IPHONEOS_DEPLOYMENT_TARGET = 15.5;
				MARKETING_VERSION = 1.0;
				PRODUCT_BUNDLE_IDENTIFIER = kwk.toDoListTests;
				PRODUCT_NAME = "$(TARGET_NAME)";
				SWIFT_EMIT_LOC_STRINGS = NO;
				SWIFT_VERSION = 5.0;
				TARGETED_DEVICE_FAMILY = "1,2";
				TEST_HOST = "$(BUILT_PRODUCTS_DIR)/toDoList.app/toDoList";
			};
			name = Release;
		};
		BD5842D028AA864000CD5FF0 /* Debug */ = {
			isa = XCBuildConfiguration;
			buildSettings = {
				ALWAYS_EMBED_SWIFT_STANDARD_LIBRARIES = YES;
				CODE_SIGN_STYLE = Automatic;
				CURRENT_PROJECT_VERSION = 1;
				GENERATE_INFOPLIST_FILE = YES;
				MARKETING_VERSION = 1.0;
				PRODUCT_BUNDLE_IDENTIFIER = kwk.toDoListUITests;
				PRODUCT_NAME = "$(TARGET_NAME)";
				SWIFT_EMIT_LOC_STRINGS = NO;
				SWIFT_VERSION = 5.0;
				TARGETED_DEVICE_FAMILY = "1,2";
				TEST_TARGET_NAME = toDoList;
			};
			name = Debug;
		};
		BD5842D128AA864000CD5FF0 /* Release */ = {
			isa = XCBuildConfiguration;
			buildSettings = {
				ALWAYS_EMBED_SWIFT_STANDARD_LIBRARIES = YES;
				CODE_SIGN_STYLE = Automatic;
				CURRENT_PROJECT_VERSION = 1;
				GENERATE_INFOPLIST_FILE = YES;
				MARKETING_VERSION = 1.0;
				PRODUCT_BUNDLE_IDENTIFIER = kwk.toDoListUITests;
				PRODUCT_NAME = "$(TARGET_NAME)";
				SWIFT_EMIT_LOC_STRINGS = NO;
				SWIFT_VERSION = 5.0;
				TARGETED_DEVICE_FAMILY = "1,2";
				TEST_TARGET_NAME = toDoList;
			};
			name = Release;
		};
/* End XCBuildConfiguration section */

/* Begin XCConfigurationList section */
		BD58429728AA863E00CD5FF0 /* Build configuration list for PBXProject "toDoList" */ = {
			isa = XCConfigurationList;
			buildConfigurations = (
				BD5842C728AA864000CD5FF0 /* Debug */,
				BD5842C828AA864000CD5FF0 /* Release */,
			);
			defaultConfigurationIsVisible = 0;
			defaultConfigurationName = Release;
		};
		BD5842C928AA864000CD5FF0 /* Build configuration list for PBXNativeTarget "toDoList" */ = {
			isa = XCConfigurationList;
			buildConfigurations = (
				BD5842CA28AA864000CD5FF0 /* Debug */,
				BD5842CB28AA864000CD5FF0 /* Release */,
			);
			defaultConfigurationIsVisible = 0;
			defaultConfigurationName = Release;
		};
		BD5842CC28AA864000CD5FF0 /* Build configuration list for PBXNativeTarget "toDoListTests" */ = {
			isa = XCConfigurationList;
			buildConfigurations = (
				BD5842CD28AA864000CD5FF0 /* Debug */,
				BD5842CE28AA864000CD5FF0 /* Release */,
			);
			defaultConfigurationIsVisible = 0;
			defaultConfigurationName = Release;
		};
		BD5842CF28AA864000CD5FF0 /* Build configuration list for PBXNativeTarget "toDoListUITests" */ = {
			isa = XCConfigurationList;
			buildConfigurations = (
				BD5842D028AA864000CD5FF0 /* Debug */,
				BD5842D128AA864000CD5FF0 /* Release */,
			);
			defaultConfigurationIsVisible = 0;
			defaultConfigurationName = Release;
		};
/* End XCConfigurationList section */

/* Begin XCVersionGroup section */
		BD5842A828AA863E00CD5FF0 /* toDoList.xcdatamodeld */ = {
			isa = XCVersionGroup;
			children = (
				BD5842A928AA863E00CD5FF0 /* toDoList.xcdatamodel */,
			);
			currentVersion = BD5842A928AA863E00CD5FF0 /* toDoList.xcdatamodel */;
			path = toDoList.xcdatamodeld;
			sourceTree = "<group>";
			versionGroupType = wrapper.xcdatamodel;
		};
/* End XCVersionGroup section */
	};
	rootObject = BD58429428AA863E00CD5FF0 /* Project object */;
}
